
Microsoft Visual Studio Solution File, Format Version 12.00
# Visual Studio Version 17
VisualStudioVersion = 17.3.32929.385
MinimumVisualStudioVersion = 10.0.40219.1
Project("{FAE04EC0-301F-11D3-BF4B-00C04F79EFBC}") = "zadanie5", "zadanie5.csproj", "{2FFA9280-CFFB-4BD7-B90D-2DF45F1F8F61}"
EndProject
Global
	GlobalSection(SolutionConfigurationPlatforms) = preSolution
		Debug|Any CPU = Debug|Any CPU
		Release|Any CPU = Release|Any CPU
	EndGlobalSection
	GlobalSection(ProjectConfigurationPlatforms) = postSolution
		{2FFA9280-CFFB-4BD7-B90D-2DF45F1F8F61}.Debug|Any CPU.ActiveCfg = Debug|Any CPU
		{2FFA9280-CFFB-4BD7-B90D-2DF45F1F8F61}.Debug|Any CPU.Build.0 = Debug|Any CPU
		{2FFA9280-CFFB-4BD7-B90D-2DF45F1F8F61}.Release|Any CPU.ActiveCfg = Release|Any CPU
		{2FFA9280-CFFB-4BD7-B90D-2DF45F1F8F61}.Release|Any CPU.Build.0 = Release|Any CPU
	EndGlobalSection
	GlobalSection(SolutionProperties) = preSolution
		HideSolutionNode = FALSE
	EndGlobalSection
	GlobalSection(ExtensibilityGlobals) = postSolution
		SolutionGuid = {FBF47171-D8B7-49EE-A90B-4CBFEC4FF52E}
	EndGlobalSection
EndGlobal
