
Microsoft Visual Studio Solution File, Format Version 12.00
# Visual Studio Version 17
VisualStudioVersion = 17.3.32929.385
MinimumVisualStudioVersion = 10.0.40219.1
Project("{FAE04EC0-301F-11D3-BF4B-00C04F79EFBC}") = "Leet", "Leet.csproj", "{05AE04D4-7286-4382-999B-03D56B5E6C33}"
EndProject
Global
	GlobalSection(SolutionConfigurationPlatforms) = preSolution
		Debug|Any CPU = Debug|Any CPU
		Release|Any CPU = Release|Any CPU
	EndGlobalSection
	GlobalSection(ProjectConfigurationPlatforms) = postSolution
		{05AE04D4-7286-4382-999B-03D56B5E6C33}.Debug|Any CPU.ActiveCfg = Debug|Any CPU
		{05AE04D4-7286-4382-999B-03D56B5E6C33}.Debug|Any CPU.Build.0 = Debug|Any CPU
		{05AE04D4-7286-4382-999B-03D56B5E6C33}.Release|Any CPU.ActiveCfg = Release|Any CPU
		{05AE04D4-7286-4382-999B-03D56B5E6C33}.Release|Any CPU.Build.0 = Release|Any CPU
	EndGlobalSection
	GlobalSection(SolutionProperties) = preSolution
		HideSolutionNode = FALSE
	EndGlobalSection
	GlobalSection(ExtensibilityGlobals) = postSolution
		SolutionGuid = {9305ED76-59F2-426F-AC91-31271E93BDCD}
	EndGlobalSection
EndGlobal
