
Microsoft Visual Studio Solution File, Format Version 12.00
# Visual Studio Version 17
VisualStudioVersion = 17.3.32825.248
MinimumVisualStudioVersion = 10.0.40219.1
Project("{FAE04EC0-301F-11D3-BF4B-00C04F79EFBC}") = "DZ-3Kosulin", "DZ-3Kosulin.csproj", "{A3970C0C-9A14-4A35-AEE8-57FDF10F59B4}"
EndProject
Global
	GlobalSection(SolutionConfigurationPlatforms) = preSolution
		Debug|Any CPU = Debug|Any CPU
		Release|Any CPU = Release|Any CPU
	EndGlobalSection
	GlobalSection(ProjectConfigurationPlatforms) = postSolution
		{A3970C0C-9A14-4A35-AEE8-57FDF10F59B4}.Debug|Any CPU.ActiveCfg = Debug|Any CPU
		{A3970C0C-9A14-4A35-AEE8-57FDF10F59B4}.Debug|Any CPU.Build.0 = Debug|Any CPU
		{A3970C0C-9A14-4A35-AEE8-57FDF10F59B4}.Release|Any CPU.ActiveCfg = Release|Any CPU
		{A3970C0C-9A14-4A35-AEE8-57FDF10F59B4}.Release|Any CPU.Build.0 = Release|Any CPU
	EndGlobalSection
	GlobalSection(SolutionProperties) = preSolution
		HideSolutionNode = FALSE
	EndGlobalSection
	GlobalSection(ExtensibilityGlobals) = postSolution
		SolutionGuid = {EC4C05DA-4F18-498D-8E74-AFBAD5B113D2}
	EndGlobalSection
EndGlobal
