
Microsoft Visual Studio Solution File, Format Version 12.00
# Visual Studio Version 17
VisualStudioVersion = 17.3.32929.385
MinimumVisualStudioVersion = 10.0.40219.1
Project("{FAE04EC0-301F-11D3-BF4B-00C04F79EFBC}") = "dz1", "dz1.csproj", "{F4345D93-50DB-4BFD-9E4D-FE928DFEBA70}"
EndProject
Global
	GlobalSection(SolutionConfigurationPlatforms) = preSolution
		Debug|Any CPU = Debug|Any CPU
		Release|Any CPU = Release|Any CPU
	EndGlobalSection
	GlobalSection(ProjectConfigurationPlatforms) = postSolution
		{F4345D93-50DB-4BFD-9E4D-FE928DFEBA70}.Debug|Any CPU.ActiveCfg = Debug|Any CPU
		{F4345D93-50DB-4BFD-9E4D-FE928DFEBA70}.Debug|Any CPU.Build.0 = Debug|Any CPU
		{F4345D93-50DB-4BFD-9E4D-FE928DFEBA70}.Release|Any CPU.ActiveCfg = Release|Any CPU
		{F4345D93-50DB-4BFD-9E4D-FE928DFEBA70}.Release|Any CPU.Build.0 = Release|Any CPU
	EndGlobalSection
	GlobalSection(SolutionProperties) = preSolution
		HideSolutionNode = FALSE
	EndGlobalSection
	GlobalSection(ExtensibilityGlobals) = postSolution
		SolutionGuid = {F14ABE6D-8333-4540-B9F0-CACC9B988CD0}
	EndGlobalSection
EndGlobal
