
Microsoft Visual Studio Solution File, Format Version 12.00
# Visual Studio Version 17
VisualStudioVersion = 17.3.32825.248
MinimumVisualStudioVersion = 10.0.40219.1
Project("{FAE04EC0-301F-11D3-BF4B-00C04F79EFBC}") = "DZ2-Kosulin", "DZ2-Kosulin.csproj", "{C5CB0600-2670-4ED8-A07D-E6E886E487A8}"
EndProject
Global
	GlobalSection(SolutionConfigurationPlatforms) = preSolution
		Debug|Any CPU = Debug|Any CPU
		Release|Any CPU = Release|Any CPU
	EndGlobalSection
	GlobalSection(ProjectConfigurationPlatforms) = postSolution
		{C5CB0600-2670-4ED8-A07D-E6E886E487A8}.Debug|Any CPU.ActiveCfg = Debug|Any CPU
		{C5CB0600-2670-4ED8-A07D-E6E886E487A8}.Debug|Any CPU.Build.0 = Debug|Any CPU
		{C5CB0600-2670-4ED8-A07D-E6E886E487A8}.Release|Any CPU.ActiveCfg = Release|Any CPU
		{C5CB0600-2670-4ED8-A07D-E6E886E487A8}.Release|Any CPU.Build.0 = Release|Any CPU
	EndGlobalSection
	GlobalSection(SolutionProperties) = preSolution
		HideSolutionNode = FALSE
	EndGlobalSection
	GlobalSection(ExtensibilityGlobals) = postSolution
		SolutionGuid = {BEC9AC8B-53C7-4029-B5BA-8750BC43A6F5}
	EndGlobalSection
EndGlobal
