
Microsoft Visual Studio Solution File, Format Version 12.00
# Visual Studio Version 17
VisualStudioVersion = 17.3.32929.385
MinimumVisualStudioVersion = 10.0.40219.1
Project("{FAE04EC0-301F-11D3-BF4B-00C04F79EFBC}") = "ConsoleApp4", "ConsoleApp4.csproj", "{346B9284-C14A-4FF2-B917-67ACF4722BB7}"
EndProject
Global
	GlobalSection(SolutionConfigurationPlatforms) = preSolution
		Debug|Any CPU = Debug|Any CPU
		Release|Any CPU = Release|Any CPU
	EndGlobalSection
	GlobalSection(ProjectConfigurationPlatforms) = postSolution
		{346B9284-C14A-4FF2-B917-67ACF4722BB7}.Debug|Any CPU.ActiveCfg = Debug|Any CPU
		{346B9284-C14A-4FF2-B917-67ACF4722BB7}.Debug|Any CPU.Build.0 = Debug|Any CPU
		{346B9284-C14A-4FF2-B917-67ACF4722BB7}.Release|Any CPU.ActiveCfg = Release|Any CPU
		{346B9284-C14A-4FF2-B917-67ACF4722BB7}.Release|Any CPU.Build.0 = Release|Any CPU
	EndGlobalSection
	GlobalSection(SolutionProperties) = preSolution
		HideSolutionNode = FALSE
	EndGlobalSection
	GlobalSection(ExtensibilityGlobals) = postSolution
		SolutionGuid = {2B5BCE36-FC1C-4886-A7C2-21E84A6CBDDD}
	EndGlobalSection
EndGlobal
